lockfileVersion: '9.0'

settings:
  autoInstallPeers: true
  excludeLinksFromLockfile: false

importers:

  .: {}

  packages/daemon:
    dependencies:
      '@claude-onair/drivers':
        specifier: workspace:*
        version: link:../drivers
      node-hid:
        specifier: ^3.1.0
        version: 3.4.0
    devDependencies:
      '@types/node':
        specifier: ^20.10.0
        version: 20.19.43
      typescript:
        specifier: ^5.3.3
        version: 5.9.3

  packages/drivers:
    dependencies:
      node-hid:
        specifier: ^3.1.0
        version: 3.4.0
    devDependencies:
      '@types/node':
        specifier: ^20.10.0
        version: 20.19.43
      '@types/node-hid':
        specifier: ^1.3.4
        version: 1.3.4
      typescript:
        specifier: ^5.3.3
        version: 5.9.3

  packages/mod:
    devDependencies:
      typescript:
        specifier: ^5.3.3
        version: 5.9.3

packages:

  '@types/node-hid@1.3.4':
    resolution: {integrity: sha512-0ootpsYetN9vjqkDSwm/cA4fk/9yGM/PO0X8SLPE/BzXlUaBelImMWMymtF9QEoEzxY0pnhcROIJM0CNSUqO8w==}

  '@types/node@20.19.43':
    resolution: {integrity: sha512-6oYBAi5ikg4Pl+kGsoYtawUMBT2zZMCvPNF7pVLnHZfd1zf38DRiWn/gT01RYCdUqkv7Fhr+C9ot4/tb+2sVvA==}

  node-addon-api@8.9.2:
    resolution: {integrity: sha512-VijLXbi3UACN69I0JVXJsX4tjACjNoQDgv2gTF6sx2wWEi8tkSg2eX8p5gSIFi8z2+DL3oHmY6OyKce38SDolg==}
    engines: {node: ^18 || ^20 || >= 21}

  node-hid@3.4.0:
    resolution: {integrity: sha512-Br7EO3bJARAJBdtcsGzF/Vs5TjfbkaMdglqLQ+Rk9GOGgVqv5DxYUVH5znLerJU+OfBWw8sd552Ujcprz1bG9g==}
    engines: {node: '>=10.16'}
    hasBin: true

  pkg-prebuilds@1.1.0:
    resolution: {integrity: sha512-jyai+KTQ2OwbN6iRYw88XbYOMgtpoSYJpjYebx7d9ihqz3txNi3ucsBt3va0iVWe6svSlaqpijMHFF/eJCMZzg==}
    engines: {node: '>= 14.15.0'}
    hasBin: true

  typescript@5.9.3:
    resolution: {integrity: sha512-jl1vZzPDinLr9eUt3J/t7V6FgNEw9QjvBPdysz9KfQDD41fQrC2Y4vKQdiaUpFT4bXlb1RHhLpp8wtm6M5TgSw==}
    engines: {node: '>=14.17'}
    hasBin: true

  undici-types@6.21.0:
    resolution: {integrity: sha512-iwDZqg0QAGrg9Rav5H4n0M64c3mkR59cJ6wQp+7C4nI0gsmExaedaYLNO44eT4AtBBwjbTiGPMlt2Md0T9H9JQ==}

snapshots:

  '@types/node-hid@1.3.4':
    dependencies:
      '@types/node': 20.19.43

  '@types/node@20.19.43':
    dependencies:
      undici-types: 6.21.0

  node-addon-api@8.9.2: {}

  node-hid@3.4.0:
    dependencies:
      node-addon-api: 8.9.2
      pkg-prebuilds: 1.1.0

  pkg-prebuilds@1.1.0: {}

  typescript@5.9.3: {}

  undici-types@6.21.0: {}
